// !$*UTF8*$!
{
	archiveVersion = 1;
	classes = {
	};
	objectVersion = 54;
	objects = {

/* Begin PBXBuildFile section */
		01A049C2A1DE317C6E2DBB0B /* SpeechRecognizer.swift in Sources */ = {isa = PBXBuildFile; fileRef = 033943B6A8C0B326294C38AA /* SpeechRecognizer.swift */; };
		01B84C0DA344D2644DC4C29B /* Bounty.swift in Sources */ = {isa = PBXBuildFile; fileRef = F0234C4F8FEEA9BBC16BFD3B /* Bounty.swift */; };
		0DE54D7785BC7738A8F06E1C /* AppSessionStore.swift in Sources */ = {isa = PBXBuildFile; fileRef = 081949FFBAFE072E686B9F07 /* AppSessionStore.swift */; };
		111111111111111111111101 /* AppDelegate.swift in Sources */ = {isa = PBXBuildFile; fileRef = 111111111111111111111001 /* AppDelegate.swift */; };
		111111111111111111111102 /* SceneDelegate.swift in Sources */ = {isa = PBXBuildFile; fileRef = 111111111111111111111002 /* SceneDelegate.swift */; };
		111111111111111111111103 /* IntentionalTrainingNotes.swift in Sources */ = {isa = PBXBuildFile; fileRef = 111111111111111111111003 /* IntentionalTrainingNotes.swift */; };
		111111111111111111111105 /* IntentionalTrainingNotesTests.swift in Sources */ = {isa = PBXBuildFile; fileRef = 111111111111111111111005 /* IntentionalTrainingNotesTests.swift */; };
		28734150AA320F22865D545B /* Formatters.swift in Sources */ = {isa = PBXBuildFile; fileRef = 00D9410DAE471A52E02E873C /* Formatters.swift */; };
		2DE74EBEAE24F1090F57A7E5 /* Enums.swift in Sources */ = {isa = PBXBuildFile; fileRef = 28B943379002E1CB5D0E1689 /* Enums.swift */; };
		30354528AA4374088CE905F9 /* AppTypography.swift in Sources */ = {isa = PBXBuildFile; fileRef = 01874984A7A67C246DE559D8 /* AppTypography.swift */; };
		4E8C4801AFA9FB9AD61499B9 /* Styles.swift in Sources */ = {isa = PBXBuildFile; fileRef = E546412F93FBD09E706BD6AB /* Styles.swift */; };
		517745A58AD9136DFC15CF3B /* Typography.swift in Sources */ = {isa = PBXBuildFile; fileRef = E7E44B2498F4434DE59E9F1E /* Typography.swift */; };
		60DA466CBD10FC7443390CFA /* ReminderScheduler.swift in Sources */ = {isa = PBXBuildFile; fileRef = C3384E529239898B88FDF77C /* ReminderScheduler.swift */; };
		6A804283A0F9BA9984C5CD91 /* Icons.swift in Sources */ = {isa = PBXBuildFile; fileRef = 57BB4BC0A82D0D4405E29438 /* Icons.swift */; };
		6AB447E8948674C1E59C5AE8 /* Support.swift in Sources */ = {isa = PBXBuildFile; fileRef = 8ACD4063A060E2F84A640C3B /* Support.swift */; };
		6F6B4F55B0B20F996EB0D490 /* NotebookPersistence.swift in Sources */ = {isa = PBXBuildFile; fileRef = 0F274C908A3954EC933DE3B3 /* NotebookPersistence.swift */; };
		8D439B102FB0712600DCA7D1 /* Assets.xcassets in Resources */ = {isa = PBXBuildFile; fileRef = 8D439B0F2FB0712600DCA7D1 /* Assets.xcassets */; };
		8E454FF693A12B62A5416C8F /* AppColors.swift in Sources */ = {isa = PBXBuildFile; fileRef = 181B4AF9A80C2324DA2254DB /* AppColors.swift */; };
		9F0748E7B63DBC076357B6F9 /* NotebookStore.swift in Sources */ = {isa = PBXBuildFile; fileRef = C1CF40F5AAB7DF206F5732D6 /* NotebookStore.swift */; };
		BB6C43A5B9E5A882A0496919 /* SharedViews.swift in Sources */ = {isa = PBXBuildFile; fileRef = 27384C12B79721CB36EB3316 /* SharedViews.swift */; };
		CB6E41B5B2D8AFD2988CF741 /* TrainingModels.swift in Sources */ = {isa = PBXBuildFile; fileRef = 37B94804BDF66C5DD8081BDB /* TrainingModels.swift */; };
		D12343ACB562C9C5EC3AF226 /* Account.swift in Sources */ = {isa = PBXBuildFile; fileRef = 2B864AEBA2F969472DC6E008 /* Account.swift */; };
		D4A44B73BDAD8CFA931502D0 /* AuthService.swift in Sources */ = {isa = PBXBuildFile; fileRef = 37864580BA5D4B9811E21CC8 /* AuthService.swift */; };
		E51C4262A228ACD9BEBE661E /* KeychainAccountStore.swift in Sources */ = {isa = PBXBuildFile; fileRef = 5EC84A54BEC8701A1983BFA0 /* KeychainAccountStore.swift */; };
		EB3F49ADA11C091C3B5C0723 /* ActivityView.swift in Sources */ = {isa = PBXBuildFile; fileRef = 5F5144D590323BEFB368EA1C /* ActivityView.swift */; };
		FA00FA00FA00FA00FA000001 /* Fraunces-VariableFont.ttf in Resources */ = {isa = PBXBuildFile; fileRef = FA00FA00FA00FA00FA000003 /* Fraunces-VariableFont.ttf */; };
		FA00FA00FA00FA00FA000002 /* Fraunces-Italic-VariableFont.ttf in Resources */ = {isa = PBXBuildFile; fileRef = FA00FA00FA00FA00FA000004 /* Fraunces-Italic-VariableFont.ttf */; };
		FB8B49B8A2B066635CB1175C /* NetworkStatusStore.swift in Sources */ = {isa = PBXBuildFile; fileRef = 534C4A4A8F5712500788773C /* NetworkStatusStore.swift */; };
		FF9D41E4984D999850CCDA56 /* NotebookMigration.swift in Sources */ = {isa = PBXBuildFile; fileRef = FBD748A9B80AF0639DDEF66B /* NotebookMigration.swift */; };
/* End PBXBuildFile section */

/* Begin PBXContainerItemProxy section */
		111111111111111111111301 /* PBXContainerItemProxy */ = {
			isa = PBXContainerItemProxy;
			containerPortal = 111111111111111111111200 /* Project object */;
			proxyType = 1;
			remoteGlobalIDString = 111111111111111111111201;
			remoteInfo = IntentionalTrainingNotes;
		};
/* End PBXContainerItemProxy section */

/* Begin PBXFileReference section */
		00D9410DAE471A52E02E873C /* Formatters.swift */ = {isa = PBXFileReference; lastKnownFileType = sourcecode.swift; name = Formatters.swift; path = IntentionalTrainingNotes/Core/Foundation/Formatters.swift; sourceTree = SOURCE_ROOT; };
		01874984A7A67C246DE559D8 /* AppTypography.swift */ = {isa = PBXFileReference; lastKnownFileType = sourcecode.swift; name = AppTypography.swift; path = IntentionalTrainingNotes/Core/DesignSystem/AppTypography.swift; sourceTree = SOURCE_ROOT; };
		033943B6A8C0B326294C38AA /* SpeechRecognizer.swift */ = {isa = PBXFileReference; lastKnownFileType = sourcecode.swift; name = SpeechRecognizer.swift; path = IntentionalTrainingNotes/Core/Services/SpeechRecognizer.swift; sourceTree = SOURCE_ROOT; };
		081949FFBAFE072E686B9F07 /* AppSessionStore.swift */ = {isa = PBXFileReference; lastKnownFileType = sourcecode.swift; name = AppSessionStore.swift; path = IntentionalTrainingNotes/Core/Stores/AppSessionStore.swift; sourceTree = SOURCE_ROOT; };
		0F274C908A3954EC933DE3B3 /* NotebookPersistence.swift */ = {isa = PBXFileReference; lastKnownFileType = sourcecode.swift; name = NotebookPersistence.swift; path = IntentionalTrainingNotes/Core/Persistence/NotebookPersistence.swift; sourceTree = SOURCE_ROOT; };
		111111111111111111111001 /* AppDelegate.swift */ = {isa = PBXFileReference; lastKnownFileType = sourcecode.swift; path = AppDelegate.swift; sourceTree = "<group>"; };
		111111111111111111111002 /* SceneDelegate.swift */ = {isa = PBXFileReference; lastKnownFileType = sourcecode.swift; path = SceneDelegate.swift; sourceTree = "<group>"; };
		111111111111111111111003 /* IntentionalTrainingNotes.swift */ = {isa = PBXFileReference; lastKnownFileType = sourcecode.swift; path = IntentionalTrainingNotes.swift; sourceTree = "<group>"; };
		111111111111111111111005 /* IntentionalTrainingNotesTests.swift */ = {isa = PBXFileReference; lastKnownFileType = sourcecode.swift; path = IntentionalTrainingNotesTests.swift; sourceTree = "<group>"; };
		111111111111111111111006 /* Info.plist */ = {isa = PBXFileReference; lastKnownFileType = text.plist.xml; path = Info.plist; sourceTree = "<group>"; };
		111111111111111111111011 /* IntentionalTrainingNotes.app */ = {isa = PBXFileReference; explicitFileType = wrapper.application; includeInIndex = 0; path = IntentionalTrainingNotes.app; sourceTree = BUILT_PRODUCTS_DIR; };
		111111111111111111111012 /* IntentionalTrainingNotesTests.xctest */ = {isa = PBXFileReference; explicitFileType = wrapper.cfbundle; includeInIndex = 0; path = IntentionalTrainingNotesTests.xctest; sourceTree = BUILT_PRODUCTS_DIR; };
		181B4AF9A80C2324DA2254DB /* AppColors.swift */ = {isa = PBXFileReference; lastKnownFileType = sourcecode.swift; name = AppColors.swift; path = IntentionalTrainingNotes/Core/DesignSystem/AppColors.swift; sourceTree = SOURCE_ROOT; };
		27384C12B79721CB36EB3316 /* SharedViews.swift */ = {isa = PBXFileReference; lastKnownFileType = sourcecode.swift; name = SharedViews.swift; path = IntentionalTrainingNotes/Shared/SharedViews.swift; sourceTree = SOURCE_ROOT; };
		28B943379002E1CB5D0E1689 /* Enums.swift */ = {isa = PBXFileReference; lastKnownFileType = sourcecode.swift; name = Enums.swift; path = IntentionalTrainingNotes/Core/Models/Enums.swift; sourceTree = SOURCE_ROOT; };
		2B864AEBA2F969472DC6E008 /* Account.swift */ = {isa = PBXFileReference; lastKnownFileType = sourcecode.swift; name = Account.swift; path = IntentionalTrainingNotes/Core/Models/Account.swift; sourceTree = SOURCE_ROOT; };
		37864580BA5D4B9811E21CC8 /* AuthService.swift */ = {isa = PBXFileReference; lastKnownFileType = sourcecode.swift; name = AuthService.swift; path = IntentionalTrainingNotes/Core/Services/AuthService.swift; sourceTree = SOURCE_ROOT; };
		37B94804BDF66C5DD8081BDB /* TrainingModels.swift */ = {isa = PBXFileReference; lastKnownFileType = sourcecode.swift; name = TrainingModels.swift; path = IntentionalTrainingNotes/Core/Models/TrainingModels.swift; sourceTree = SOURCE_ROOT; };
		534C4A4A8F5712500788773C /* NetworkStatusStore.swift */ = {isa = PBXFileReference; lastKnownFileType = sourcecode.swift; name = NetworkStatusStore.swift; path = IntentionalTrainingNotes/Core/Services/NetworkStatusStore.swift; sourceTree = SOURCE_ROOT; };
		57BB4BC0A82D0D4405E29438 /* Icons.swift */ = {isa = PBXFileReference; lastKnownFileType = sourcecode.swift; name = Icons.swift; path = IntentionalTrainingNotes/Core/DesignSystem/Icons.swift; sourceTree = SOURCE_ROOT; };
		5EC84A54BEC8701A1983BFA0 /* KeychainAccountStore.swift */ = {isa = PBXFileReference; lastKnownFileType = sourcecode.swift; name = KeychainAccountStore.swift; path = IntentionalTrainingNotes/Core/Persistence/KeychainAccountStore.swift; sourceTree = SOURCE_ROOT; };
		5F5144D590323BEFB368EA1C /* ActivityView.swift */ = {isa = PBXFileReference; lastKnownFileType = sourcecode.swift; name = ActivityView.swift; path = IntentionalTrainingNotes/Shared/ActivityView.swift; sourceTree = SOURCE_ROOT; };
		8ACD4063A060E2F84A640C3B /* Support.swift */ = {isa = PBXFileReference; lastKnownFileType = sourcecode.swift; name = Support.swift; path = IntentionalTrainingNotes/Core/Models/Support.swift; sourceTree = SOURCE_ROOT; };
		8D439B0F2FB0712600DCA7D1 /* Assets.xcassets */ = {isa = PBXFileReference; lastKnownFileType = folder.assetcatalog; path = Assets.xcassets; sourceTree = "<group>"; };
		C1CF40F5AAB7DF206F5732D6 /* NotebookStore.swift */ = {isa = PBXFileReference; lastKnownFileType = sourcecode.swift; name = NotebookStore.swift; path = IntentionalTrainingNotes/Core/Stores/NotebookStore.swift; sourceTree = SOURCE_ROOT; };
		C3384E529239898B88FDF77C /* ReminderScheduler.swift */ = {isa = PBXFileReference; lastKnownFileType = sourcecode.swift; name = ReminderScheduler.swift; path = IntentionalTrainingNotes/Core/Services/ReminderScheduler.swift; sourceTree = SOURCE_ROOT; };
		E546412F93FBD09E706BD6AB /* Styles.swift */ = {isa = PBXFileReference; lastKnownFileType = sourcecode.swift; name = Styles.swift; path = IntentionalTrainingNotes/Core/DesignSystem/Styles.swift; sourceTree = SOURCE_ROOT; };
		E7E44B2498F4434DE59E9F1E /* Typography.swift */ = {isa = PBXFileReference; lastKnownFileType = sourcecode.swift; name = Typography.swift; path = IntentionalTrainingNotes/Core/Foundation/Typography.swift; sourceTree = SOURCE_ROOT; };
		F0234C4F8FEEA9BBC16BFD3B /* Bounty.swift */ = {isa = PBXFileReference; lastKnownFileType = sourcecode.swift; name = Bounty.swift; path = IntentionalTrainingNotes/Core/Models/Bounty.swift; sourceTree = SOURCE_ROOT; };
		FA00FA00FA00FA00FA000003 /* Fraunces-VariableFont.ttf */ = {isa = PBXFileReference; lastKnownFileType = file; path = "Fraunces-VariableFont.ttf"; sourceTree = "<group>"; };
		FA00FA00FA00FA00FA000004 /* Fraunces-Italic-VariableFont.ttf */ = {isa = PBXFileReference; lastKnownFileType = file; path = "Fraunces-Italic-VariableFont.ttf"; sourceTree = "<group>"; };
		FBD748A9B80AF0639DDEF66B /* NotebookMigration.swift */ = {isa = PBXFileReference; lastKnownFileType = sourcecode.swift; name = NotebookMigration.swift; path = IntentionalTrainingNotes/Core/Persistence/NotebookMigration.swift; sourceTree = SOURCE_ROOT; };
/* End PBXFileReference section */

/* Begin PBXFrameworksBuildPhase section */
		111111111111111111111401 /* Frameworks */ = {
			isa = PBXFrameworksBuildPhase;
			buildActionMask = 2147483647;
			files = (
			);
			runOnlyForDeploymentPostprocessing = 0;
		};
		111111111111111111111402 /* Frameworks */ = {
			isa = PBXFrameworksBuildPhase;
			buildActionMask = 2147483647;
			files = (
			);
			runOnlyForDeploymentPostprocessing = 0;
		};
/* End PBXFrameworksBuildPhase section */

/* Begin PBXGroup section */
		111111111111111111111100 = {
			isa = PBXGroup;
			children = (
				111111111111111111111110 /* IntentionalTrainingNotes */,
				111111111111111111111120 /* IntentionalTrainingNotesTests */,
				111111111111111111111130 /* Products */,
				1BA7460FA449B381FB01E1E4 /* Core */,
				CFDB4B1D89C8D1D15216BF65 /* Shared */,
			);
			sourceTree = "<group>";
		};
		111111111111111111111110 /* IntentionalTrainingNotes */ = {
			isa = PBXGroup;
			children = (
				8D439B0F2FB0712600DCA7D1 /* Assets.xcassets */,
				111111111111111111111001 /* AppDelegate.swift */,
				111111111111111111111002 /* SceneDelegate.swift */,
				111111111111111111111003 /* IntentionalTrainingNotes.swift */,
				111111111111111111111006 /* Info.plist */,
				FA00FA00FA00FA00FA000010 /* Fonts */,
			);
			path = IntentionalTrainingNotes;
			sourceTree = "<group>";
		};
		111111111111111111111120 /* IntentionalTrainingNotesTests */ = {
			isa = PBXGroup;
			children = (
				111111111111111111111005 /* IntentionalTrainingNotesTests.swift */,
			);
			path = IntentionalTrainingNotesTests;
			sourceTree = "<group>";
		};
		111111111111111111111130 /* Products */ = {
			isa = PBXGroup;
			children = (
				111111111111111111111011 /* IntentionalTrainingNotes.app */,
				111111111111111111111012 /* IntentionalTrainingNotesTests.xctest */,
			);
			name = Products;
			sourceTree = "<group>";
		};
		1BA7460FA449B381FB01E1E4 /* Core */ = {
			isa = PBXGroup;
			children = (
				E3514A809CEA7ED90B87710B /* Foundation */,
				953A4EC5BDABE7968D64C6FD /* Models */,
				F88F4F3687B2B6F6CC009ABE /* DesignSystem */,
				91C747AE99802A03AA47D652 /* Services */,
				734A4A6989355750760254B2 /* Persistence */,
				66064CC59AD8BB6424B02960 /* Stores */,
			);
			name = Core;
			path = IntentionalTrainingNotes/Core;
			sourceTree = "<group>";
		};
		66064CC59AD8BB6424B02960 /* Stores */ = {
			isa = PBXGroup;
			children = (
				081949FFBAFE072E686B9F07 /* AppSessionStore.swift */,
				C1CF40F5AAB7DF206F5732D6 /* NotebookStore.swift */,
			);
			name = Stores;
			path = IntentionalTrainingNotes/Core/Stores;
			sourceTree = "<group>";
		};
		734A4A6989355750760254B2 /* Persistence */ = {
			isa = PBXGroup;
			children = (
				0F274C908A3954EC933DE3B3 /* NotebookPersistence.swift */,
				FBD748A9B80AF0639DDEF66B /* NotebookMigration.swift */,
				5EC84A54BEC8701A1983BFA0 /* KeychainAccountStore.swift */,
			);
			name = Persistence;
			path = IntentionalTrainingNotes/Core/Persistence;
			sourceTree = "<group>";
		};
		91C747AE99802A03AA47D652 /* Services */ = {
			isa = PBXGroup;
			children = (
				534C4A4A8F5712500788773C /* NetworkStatusStore.swift */,
				37864580BA5D4B9811E21CC8 /* AuthService.swift */,
				C3384E529239898B88FDF77C /* ReminderScheduler.swift */,
				033943B6A8C0B326294C38AA /* SpeechRecognizer.swift */,
			);
			name = Services;
			path = IntentionalTrainingNotes/Core/Services;
			sourceTree = "<group>";
		};
		953A4EC5BDABE7968D64C6FD /* Models */ = {
			isa = PBXGroup;
			children = (
				28B943379002E1CB5D0E1689 /* Enums.swift */,
				2B864AEBA2F969472DC6E008 /* Account.swift */,
				37B94804BDF66C5DD8081BDB /* TrainingModels.swift */,
				F0234C4F8FEEA9BBC16BFD3B /* Bounty.swift */,
				8ACD4063A060E2F84A640C3B /* Support.swift */,
			);
			name = Models;
			path = IntentionalTrainingNotes/Core/Models;
			sourceTree = "<group>";
		};
		CFDB4B1D89C8D1D15216BF65 /* Shared */ = {
			isa = PBXGroup;
			children = (
				5F5144D590323BEFB368EA1C /* ActivityView.swift */,
				27384C12B79721CB36EB3316 /* SharedViews.swift */,
			);
			name = Shared;
			path = IntentionalTrainingNotes/Shared;
			sourceTree = "<group>";
		};
		E3514A809CEA7ED90B87710B /* Foundation */ = {
			isa = PBXGroup;
			children = (
				E7E44B2498F4434DE59E9F1E /* Typography.swift */,
				00D9410DAE471A52E02E873C /* Formatters.swift */,
			);
			name = Foundation;
			path = IntentionalTrainingNotes/Core/Foundation;
			sourceTree = "<group>";
		};
		F88F4F3687B2B6F6CC009ABE /* DesignSystem */ = {
			isa = PBXGroup;
			children = (
				181B4AF9A80C2324DA2254DB /* AppColors.swift */,
				01874984A7A67C246DE559D8 /* AppTypography.swift */,
				57BB4BC0A82D0D4405E29438 /* Icons.swift */,
				E546412F93FBD09E706BD6AB /* Styles.swift */,
			);
			name = DesignSystem;
			path = IntentionalTrainingNotes/Core/DesignSystem;
			sourceTree = "<group>";
		};
		FA00FA00FA00FA00FA000010 /* Fonts */ = {
			isa = PBXGroup;
			children = (
				FA00FA00FA00FA00FA000003 /* Fraunces-VariableFont.ttf */,
				FA00FA00FA00FA00FA000004 /* Fraunces-Italic-VariableFont.ttf */,
			);
			path = Fonts;
			sourceTree = "<group>";
		};
/* End PBXGroup section */

/* Begin PBXNativeTarget section */
		111111111111111111111201 /* IntentionalTrainingNotes */ = {
			isa = PBXNativeTarget;
			buildConfigurationList = 111111111111111111111601 /* Build configuration list for PBXNativeTarget "IntentionalTrainingNotes" */;
			buildPhases = (
				111111111111111111111501 /* Sources */,
				111111111111111111111401 /* Frameworks */,
				111111111111111111111502 /* Resources */,
			);
			buildRules = (
			);
			dependencies = (
			);
			name = IntentionalTrainingNotes;
			productName = IntentionalTrainingNotes;
			productReference = 111111111111111111111011 /* IntentionalTrainingNotes.app */;
			productType = "com.apple.product-type.application";
		};
		111111111111111111111202 /* IntentionalTrainingNotesTests */ = {
			isa = PBXNativeTarget;
			buildConfigurationList = 111111111111111111111602 /* Build configuration list for PBXNativeTarget "IntentionalTrainingNotesTests" */;
			buildPhases = (
				111111111111111111111503 /* Sources */,
				111111111111111111111402 /* Frameworks */,
				111111111111111111111504 /* Resources */,
			);
			buildRules = (
			);
			dependencies = (
				111111111111111111111302 /* PBXTargetDependency */,
			);
			name = IntentionalTrainingNotesTests;
			productName = IntentionalTrainingNotesTests;
			productReference = 111111111111111111111012 /* IntentionalTrainingNotesTests.xctest */;
			productType = "com.apple.product-type.bundle.unit-test";
		};
/* End PBXNativeTarget section */

/* Begin PBXProject section */
		111111111111111111111200 /* Project object */ = {
			isa = PBXProject;
			attributes = {
				LastSwiftUpdateCheck = 1600;
				LastUpgradeCheck = 1600;
				TargetAttributes = {
					111111111111111111111201 = {
						CreatedOnToolsVersion = 16.0;
					};
					111111111111111111111202 = {
						CreatedOnToolsVersion = 16.0;
						TestTargetID = 111111111111111111111201;
					};
				};
			};
			buildConfigurationList = 111111111111111111111600 /* Build configuration list for PBXProject "IntentionalTrainingNotes" */;
			compatibilityVersion = "Xcode 12.0";
			developmentRegion = en;
			hasScannedForEncodings = 0;
			knownRegions = (
				en,
				Base,
			);
			mainGroup = 111111111111111111111100;
			packageReferences = (
			);
			productRefGroup = 111111111111111111111130 /* Products */;
			projectDirPath = "";
			projectRoot = "";
			targets = (
				111111111111111111111201 /* IntentionalTrainingNotes */,
				111111111111111111111202 /* IntentionalTrainingNotesTests */,
			);
		};
/* End PBXProject section */

/* Begin PBXResourcesBuildPhase section */
		111111111111111111111502 /* Resources */ = {
			isa = PBXResourcesBuildPhase;
			buildActionMask = 2147483647;
			files = (
				8D439B102FB0712600DCA7D1 /* Assets.xcassets in Resources */,
				FA00FA00FA00FA00FA000001 /* Fraunces-VariableFont.ttf in Resources */,
				FA00FA00FA00FA00FA000002 /* Fraunces-Italic-VariableFont.ttf in Resources */,
			);
			runOnlyForDeploymentPostprocessing = 0;
		};
		111111111111111111111504 /* Resources */ = {
			isa = PBXResourcesBuildPhase;
			buildActionMask = 2147483647;
			files = (
			);
			runOnlyForDeploymentPostprocessing = 0;
		};
/* End PBXResourcesBuildPhase section */

/* Begin PBXSourcesBuildPhase section */
		111111111111111111111501 /* Sources */ = {
			isa = PBXSourcesBuildPhase;
			buildActionMask = 2147483647;
			files = (
				111111111111111111111101 /* AppDelegate.swift in Sources */,
				111111111111111111111102 /* SceneDelegate.swift in Sources */,
				111111111111111111111103 /* IntentionalTrainingNotes.swift in Sources */,
				517745A58AD9136DFC15CF3B /* Typography.swift in Sources */,
				28734150AA320F22865D545B /* Formatters.swift in Sources */,
				2DE74EBEAE24F1090F57A7E5 /* Enums.swift in Sources */,
				D12343ACB562C9C5EC3AF226 /* Account.swift in Sources */,
				CB6E41B5B2D8AFD2988CF741 /* TrainingModels.swift in Sources */,
				01B84C0DA344D2644DC4C29B /* Bounty.swift in Sources */,
				6AB447E8948674C1E59C5AE8 /* Support.swift in Sources */,
				8E454FF693A12B62A5416C8F /* AppColors.swift in Sources */,
				30354528AA4374088CE905F9 /* AppTypography.swift in Sources */,
				6A804283A0F9BA9984C5CD91 /* Icons.swift in Sources */,
				4E8C4801AFA9FB9AD61499B9 /* Styles.swift in Sources */,
				FB8B49B8A2B066635CB1175C /* NetworkStatusStore.swift in Sources */,
				D4A44B73BDAD8CFA931502D0 /* AuthService.swift in Sources */,
				60DA466CBD10FC7443390CFA /* ReminderScheduler.swift in Sources */,
				01A049C2A1DE317C6E2DBB0B /* SpeechRecognizer.swift in Sources */,
				6F6B4F55B0B20F996EB0D490 /* NotebookPersistence.swift in Sources */,
				FF9D41E4984D999850CCDA56 /* NotebookMigration.swift in Sources */,
				E51C4262A228ACD9BEBE661E /* KeychainAccountStore.swift in Sources */,
				0DE54D7785BC7738A8F06E1C /* AppSessionStore.swift in Sources */,
				9F0748E7B63DBC076357B6F9 /* NotebookStore.swift in Sources */,
				EB3F49ADA11C091C3B5C0723 /* ActivityView.swift in Sources */,
				BB6C43A5B9E5A882A0496919 /* SharedViews.swift in Sources */,
			);
			runOnlyForDeploymentPostprocessing = 0;
		};
		111111111111111111111503 /* Sources */ = {
			isa = PBXSourcesBuildPhase;
			buildActionMask = 2147483647;
			files = (
				111111111111111111111105 /* IntentionalTrainingNotesTests.swift in Sources */,
			);
			runOnlyForDeploymentPostprocessing = 0;
		};
/* End PBXSourcesBuildPhase section */

/* Begin PBXTargetDependency section */
		111111111111111111111302 /* PBXTargetDependency */ = {
			isa = PBXTargetDependency;
			target = 111111111111111111111201 /* IntentionalTrainingNotes */;
			targetProxy = 111111111111111111111301 /* PBXContainerItemProxy */;
		};
/* End PBXTargetDependency section */

/* Begin XCBuildConfiguration section */
		111111111111111111111701 /* Debug */ = {
			isa = XCBuildConfiguration;
			buildSettings = {
				ALWAYS_SEARCH_USER_PATHS = NO;
				CLANG_ANALYZER_NONNULL = YES;
				CLANG_ENABLE_MODULES = YES;
				CLANG_ENABLE_OBJC_ARC = YES;
				CLANG_WARN_DOCUMENTATION_COMMENTS = YES;
				CLANG_WARN_QUOTED_INCLUDE_IN_FRAMEWORK_HEADER = YES;
				COPY_PHASE_STRIP = NO;
				DEBUG_INFORMATION_FORMAT = dwarf;
				ENABLE_STRICT_OBJC_MSGSEND = YES;
				ENABLE_TESTABILITY = YES;
				GCC_DYNAMIC_NO_PIC = NO;
				GCC_NO_COMMON_BLOCKS = YES;
				GCC_OPTIMIZATION_LEVEL = 0;
				GCC_PREPROCESSOR_DEFINITIONS = (
					"DEBUG=1",
					"$(inherited)",
				);
				IPHONEOS_DEPLOYMENT_TARGET = 13.0;
				MTL_ENABLE_DEBUG_INFO = INCLUDE_SOURCE;
				ONLY_ACTIVE_ARCH = YES;
				SDKROOT = iphoneos;
				SWIFT_ACTIVE_COMPILATION_CONDITIONS = DEBUG;
				SWIFT_OPTIMIZATION_LEVEL = "-Onone";
			};
			name = Debug;
		};
		111111111111111111111702 /* Release */ = {
			isa = XCBuildConfiguration;
			buildSettings = {
				ALWAYS_SEARCH_USER_PATHS = NO;
				CLANG_ANALYZER_NONNULL = YES;
				CLANG_ENABLE_MODULES = YES;
				CLANG_ENABLE_OBJC_ARC = YES;
				CLANG_WARN_DOCUMENTATION_COMMENTS = YES;
				CLANG_WARN_QUOTED_INCLUDE_IN_FRAMEWORK_HEADER = YES;
				COPY_PHASE_STRIP = NO;
				DEBUG_INFORMATION_FORMAT = "dwarf-with-dsym";
				ENABLE_NS_ASSERTIONS = NO;
				ENABLE_STRICT_OBJC_MSGSEND = YES;
				GCC_NO_COMMON_BLOCKS = YES;
				IPHONEOS_DEPLOYMENT_TARGET = 13.0;
				MTL_ENABLE_DEBUG_INFO = NO;
				SDKROOT = iphoneos;
				SWIFT_COMPILATION_MODE = wholemodule;
				SWIFT_OPTIMIZATION_LEVEL = "-O";
				VALIDATE_PRODUCT = YES;
			};
			name = Release;
		};
		111111111111111111111711 /* Debug */ = {
			isa = XCBuildConfiguration;
			buildSettings = {
				ASSETCATALOG_COMPILER_APPICON_NAME = AppIcon;
				CODE_SIGN_IDENTITY = "Apple Development";
				CODE_SIGN_STYLE = Automatic;
				CURRENT_PROJECT_VERSION = 1;
				DEVELOPMENT_TEAM = 9R4A2F8F94;
				GENERATE_INFOPLIST_FILE = NO;
				INFOPLIST_FILE = IntentionalTrainingNotes/Info.plist;
				IPHONEOS_DEPLOYMENT_TARGET = 13.0;
				LD_RUNPATH_SEARCH_PATHS = (
					"$(inherited)",
					"@executable_path/Frameworks",
				);
				MARKETING_VERSION = 1.0;
				PRODUCT_BUNDLE_IDENTIFIER = com.tienmai.intentionaltrainingnotes;
				PRODUCT_NAME = "$(TARGET_NAME)";
				PROVISIONING_PROFILE_SPECIFIER = "";
				SWIFT_VERSION = 5.0;
				TARGETED_DEVICE_FAMILY = "1,2";
			};
			name = Debug;
		};
		111111111111111111111712 /* Release */ = {
			isa = XCBuildConfiguration;
			buildSettings = {
				ASSETCATALOG_COMPILER_APPICON_NAME = AppIcon;
				CODE_SIGN_IDENTITY = "Apple Development";
				CODE_SIGN_STYLE = Automatic;
				CURRENT_PROJECT_VERSION = 1;
				DEVELOPMENT_TEAM = 9R4A2F8F94;
				GENERATE_INFOPLIST_FILE = NO;
				INFOPLIST_FILE = IntentionalTrainingNotes/Info.plist;
				IPHONEOS_DEPLOYMENT_TARGET = 13.0;
				LD_RUNPATH_SEARCH_PATHS = (
					"$(inherited)",
					"@executable_path/Frameworks",
				);
				MARKETING_VERSION = 1.0;
				PRODUCT_BUNDLE_IDENTIFIER = com.tienmai.intentionaltrainingnotes;
				PRODUCT_NAME = "$(TARGET_NAME)";
				PROVISIONING_PROFILE_SPECIFIER = "";
				SWIFT_VERSION = 5.0;
				TARGETED_DEVICE_FAMILY = "1,2";
			};
			name = Release;
		};
		111111111111111111111721 /* Debug */ = {
			isa = XCBuildConfiguration;
			buildSettings = {
				BUNDLE_LOADER = "$(TEST_HOST)";
				CODE_SIGN_STYLE = Automatic;
				GENERATE_INFOPLIST_FILE = YES;
				IPHONEOS_DEPLOYMENT_TARGET = 13.0;
				LD_RUNPATH_SEARCH_PATHS = (
					"$(inherited)",
					"@executable_path/Frameworks",
					"@loader_path/Frameworks",
				);
				PRODUCT_BUNDLE_IDENTIFIER = com.tienmai.intentionaltrainingnotes.tests;
				PRODUCT_NAME = "$(TARGET_NAME)";
				SWIFT_VERSION = 5.0;
				TARGETED_DEVICE_FAMILY = "1,2";
				TEST_HOST = "$(BUILT_PRODUCTS_DIR)/IntentionalTrainingNotes.app/IntentionalTrainingNotes";
			};
			name = Debug;
		};
		111111111111111111111722 /* Release */ = {
			isa = XCBuildConfiguration;
			buildSettings = {
				BUNDLE_LOADER = "$(TEST_HOST)";
				CODE_SIGN_STYLE = Automatic;
				GENERATE_INFOPLIST_FILE = YES;
				IPHONEOS_DEPLOYMENT_TARGET = 13.0;
				LD_RUNPATH_SEARCH_PATHS = (
					"$(inherited)",
					"@executable_path/Frameworks",
					"@loader_path/Frameworks",
				);
				PRODUCT_BUNDLE_IDENTIFIER = com.tienmai.intentionaltrainingnotes.tests;
				PRODUCT_NAME = "$(TARGET_NAME)";
				SWIFT_VERSION = 5.0;
				TARGETED_DEVICE_FAMILY = "1,2";
				TEST_HOST = "$(BUILT_PRODUCTS_DIR)/IntentionalTrainingNotes.app/IntentionalTrainingNotes";
			};
			name = Release;
		};
/* End XCBuildConfiguration section */

/* Begin XCConfigurationList section */
		111111111111111111111600 /* Build configuration list for PBXProject "IntentionalTrainingNotes" */ = {
			isa = XCConfigurationList;
			buildConfigurations = (
				111111111111111111111701 /* Debug */,
				111111111111111111111702 /* Release */,
			);
			defaultConfigurationIsVisible = 0;
			defaultConfigurationName = Release;
		};
		111111111111111111111601 /* Build configuration list for PBXNativeTarget "IntentionalTrainingNotes" */ = {
			isa = XCConfigurationList;
			buildConfigurations = (
				111111111111111111111711 /* Debug */,
				111111111111111111111712 /* Release */,
			);
			defaultConfigurationIsVisible = 0;
			defaultConfigurationName = Release;
		};
		111111111111111111111602 /* Build configuration list for PBXNativeTarget "IntentionalTrainingNotesTests" */ = {
			isa = XCConfigurationList;
			buildConfigurations = (
				111111111111111111111721 /* Debug */,
				111111111111111111111722 /* Release */,
			);
			defaultConfigurationIsVisible = 0;
			defaultConfigurationName = Release;
		};
/* End XCConfigurationList section */
	};
	rootObject = 111111111111111111111200 /* Project object */;
}
